
Microsoft Visual Studio Solution File, Format Version 12.00
# Visual Studio 15
VisualStudioVersion = 15.0.28307.271
MinimumVisualStudioVersion = 10.0.40219.1
Project("{FAE04EC0-301F-11D3-BF4B-00C04F79EFBC}") = "DepthBreadthFirstSearch", "DepthBreadthFirstSearch\DepthBreadthFirstSearch.csproj", "{5EDD7AA5-7416-4FD7-9871-FB62D72FF586}"
EndProject
Global
	GlobalSection(SolutionConfigurationPlatforms) = preSolution
		Debug|Any CPU = Debug|Any CPU
		Release|Any CPU = Release|Any CPU
	EndGlobalSection
	GlobalSection(ProjectConfigurationPlatforms) = postSolution
		{5EDD7AA5-7416-4FD7-9871-FB62D72FF586}.Debug|Any CPU.ActiveCfg = Debug|Any CPU
		{5EDD7AA5-7416-4FD7-9871-FB62D72FF586}.Debug|Any CPU.Build.0 = Debug|Any CPU
		{5EDD7AA5-7416-4FD7-9871-FB62D72FF586}.Release|Any CPU.ActiveCfg = Release|Any CPU
		{5EDD7AA5-7416-4FD7-9871-FB62D72FF586}.Release|Any CPU.Build.0 = Release|Any CPU
	EndGlobalSection
	GlobalSection(SolutionProperties) = preSolution
		HideSolutionNode = FALSE
	EndGlobalSection
	GlobalSection(ExtensibilityGlobals) = postSolution
		SolutionGuid = {A4711A1B-E5C2-412A-81D3-B8E52C12BA4D}
	EndGlobalSection
EndGlobal
